
Microsoft Visual Studio Solution File, Format Version 12.00
# Visual Studio Version 16
VisualStudioVersion = 16.0.30523.141
MinimumVisualStudioVersion = 10.0.40219.1
Project("{FAE04EC0-301F-11D3-BF4B-00C04F79EFBC}") = "Spotify", "Spotify\Spotify.csproj", "{17A9E02D-8BBB-4EFA-B265-55B962BBDBC6}"
EndProject
Global
	GlobalSection(SolutionConfigurationPlatforms) = preSolution
		Debug|Any CPU = Debug|Any CPU
		Release|Any CPU = Release|Any CPU
	EndGlobalSection
	GlobalSection(ProjectConfigurationPlatforms) = postSolution
		{17A9E02D-8BBB-4EFA-B265-55B962BBDBC6}.Debug|Any CPU.ActiveCfg = Debug|Any CPU
		{17A9E02D-8BBB-4EFA-B265-55B962BBDBC6}.Debug|Any CPU.Build.0 = Debug|Any CPU
		{17A9E02D-8BBB-4EFA-B265-55B962BBDBC6}.Release|Any CPU.ActiveCfg = Release|Any CPU
		{17A9E02D-8BBB-4EFA-B265-55B962BBDBC6}.Release|Any CPU.Build.0 = Release|Any CPU
	EndGlobalSection
	GlobalSection(SolutionProperties) = preSolution
		HideSolutionNode = FALSE
	EndGlobalSection
	GlobalSection(ExtensibilityGlobals) = postSolution
		SolutionGuid = {23CD069F-9011-4F90-836C-3E87329E6384}
	EndGlobalSection
EndGlobal
